
Microsoft Visual Studio Solution File, Format Version 12.00
# Visual Studio Version 17
VisualStudioVersion = 17.14.36414.22
MinimumVisualStudioVersion = 10.0.40219.1
Project("{FAE04EC0-301F-11D3-BF4B-00C04F79EFBC}") = "ICT3101_Calculator", "ICT3101_Calculator\ICT3101_Calculator.csproj", "{C81D5F8F-E40C-4E6F-8641-5F9CB1F0BBDB}"
EndProject
Project("{FAE04EC0-301F-11D3-BF4B-00C04F79EFBC}") = "ICT3101_Calculator.UnitTests", "ICT3101_Calculator.UnitTests\ICT3101_Calculator.UnitTests.csproj", "{CC8D32C6-5194-4C2C-A0AA-1CEEE456A2EF}"
EndProject
Project("{FAE04EC0-301F-11D3-BF4B-00C04F79EFBC}") = "SpecFlowCalculatorTests", "SpecFlowCalculatorTests\SpecFlowCalculatorTests.csproj", "{E6AAB438-0145-432B-81DA-C6D2F2646E07}"
EndProject
Global
	GlobalSection(SolutionConfigurationPlatforms) = preSolution
		Debug|Any CPU = Debug|Any CPU
		Release|Any CPU = Release|Any CPU
	EndGlobalSection
	GlobalSection(ProjectConfigurationPlatforms) = postSolution
		{C81D5F8F-E40C-4E6F-8641-5F9CB1F0BBDB}.Debug|Any CPU.ActiveCfg = Debug|Any CPU
		{C81D5F8F-E40C-4E6F-8641-5F9CB1F0BBDB}.Debug|Any CPU.Build.0 = Debug|Any CPU
		{C81D5F8F-E40C-4E6F-8641-5F9CB1F0BBDB}.Release|Any CPU.ActiveCfg = Release|Any CPU
		{C81D5F8F-E40C-4E6F-8641-5F9CB1F0BBDB}.Release|Any CPU.Build.0 = Release|Any CPU
		{CC8D32C6-5194-4C2C-A0AA-1CEEE456A2EF}.Debug|Any CPU.ActiveCfg = Debug|Any CPU
		{CC8D32C6-5194-4C2C-A0AA-1CEEE456A2EF}.Debug|Any CPU.Build.0 = Debug|Any CPU
		{CC8D32C6-5194-4C2C-A0AA-1CEEE456A2EF}.Release|Any CPU.ActiveCfg = Release|Any CPU
		{CC8D32C6-5194-4C2C-A0AA-1CEEE456A2EF}.Release|Any CPU.Build.0 = Release|Any CPU
		{E6AAB438-0145-432B-81DA-C6D2F2646E07}.Debug|Any CPU.ActiveCfg = Debug|Any CPU
		{E6AAB438-0145-432B-81DA-C6D2F2646E07}.Debug|Any CPU.Build.0 = Debug|Any CPU
		{E6AAB438-0145-432B-81DA-C6D2F2646E07}.Release|Any CPU.ActiveCfg = Release|Any CPU
		{E6AAB438-0145-432B-81DA-C6D2F2646E07}.Release|Any CPU.Build.0 = Release|Any CPU
	EndGlobalSection
	GlobalSection(SolutionProperties) = preSolution
		HideSolutionNode = FALSE
	EndGlobalSection
	GlobalSection(ExtensibilityGlobals) = postSolution
		SolutionGuid = {7EC52EC1-B6CC-4B86-A0C8-D2712E668EF6}
	EndGlobalSection
EndGlobal
